
Microsoft Visual Studio Solution File, Format Version 12.00
# Visual Studio Version 17
VisualStudioVersion = 17.9.34714.143
MinimumVisualStudioVersion = 10.0.40219.1
Project("{FAE04EC0-301F-11D3-BF4B-00C04F79EFBC}") = "Macro Model", "Macro Model.csproj", "{7AEE62CF-8F8E-4948-BB57-179764DA6A30}"
EndProject
Global
	GlobalSection(SolutionConfigurationPlatforms) = preSolution
		Debug|Any CPU = Debug|Any CPU
		Release|Any CPU = Release|Any CPU
	EndGlobalSection
	GlobalSection(ProjectConfigurationPlatforms) = postSolution
		{7AEE62CF-8F8E-4948-BB57-179764DA6A30}.Debug|Any CPU.ActiveCfg = Debug|Any CPU
		{7AEE62CF-8F8E-4948-BB57-179764DA6A30}.Debug|Any CPU.Build.0 = Debug|Any CPU
		{7AEE62CF-8F8E-4948-BB57-179764DA6A30}.Release|Any CPU.ActiveCfg = Release|Any CPU
		{7AEE62CF-8F8E-4948-BB57-179764DA6A30}.Release|Any CPU.Build.0 = Release|Any CPU
	EndGlobalSection
	GlobalSection(SolutionProperties) = preSolution
		HideSolutionNode = FALSE
	EndGlobalSection
	GlobalSection(ExtensibilityGlobals) = postSolution
		SolutionGuid = {582F63DB-FDC4-4A3C-A4F7-49B11C7368A0}
	EndGlobalSection
EndGlobal
